
Microsoft Visual Studio Solution File, Format Version 12.00
# Visual Studio Version 16
VisualStudioVersion = 16.0.29728.190
MinimumVisualStudioVersion = 10.0.40219.1
Project("{9A19103F-16F7-4668-BE54-9A1E7A4F7556}") = "localforsure-rest-api", "localforsure-rest-api.csproj", "{BE323CA0-176C-4065-8603-DDB309F8D214}"
EndProject
Global
	GlobalSection(SolutionConfigurationPlatforms) = preSolution
		Debug|Any CPU = Debug|Any CPU
		Release|Any CPU = Release|Any CPU
	EndGlobalSection
	GlobalSection(ProjectConfigurationPlatforms) = postSolution
		{BE323CA0-176C-4065-8603-DDB309F8D214}.Debug|Any CPU.ActiveCfg = Debug|Any CPU
		{BE323CA0-176C-4065-8603-DDB309F8D214}.Debug|Any CPU.Build.0 = Debug|Any CPU
		{BE323CA0-176C-4065-8603-DDB309F8D214}.Release|Any CPU.ActiveCfg = Release|Any CPU
		{BE323CA0-176C-4065-8603-DDB309F8D214}.Release|Any CPU.Build.0 = Release|Any CPU
	EndGlobalSection
	GlobalSection(SolutionProperties) = preSolution
		HideSolutionNode = FALSE
	EndGlobalSection
	GlobalSection(ExtensibilityGlobals) = postSolution
		SolutionGuid = {DF4F1326-17EA-43B8-B908-85C23BB229A7}
	EndGlobalSection
EndGlobal
